// !$*UTF8*$!
{
	archiveVersion = 1;
	classes = {
	};
	objectVersion = 46;
	objects = {

/* Begin PBXBuildFile section */
		2932F6871813D2B70049385E /* BLE.m in Sources */ = {isa = PBXBuildFile; fileRef = 2932F6851813D2B70049385E /* BLE.m */; };
		29F401A1163B510F007BEE39 /* Cocoa.framework in Frameworks */ = {isa = PBXBuildFile; fileRef = 29F401A0163B510F007BEE39 /* Cocoa.framework */; };
		29F401AB163B510F007BEE39 /* InfoPlist.strings in Resources */ = {isa = PBXBuildFile; fileRef = 29F401A9163B510F007BEE39 /* InfoPlist.strings */; };
		29F401AD163B510F007BEE39 /* main.m in Sources */ = {isa = PBXBuildFile; fileRef = 29F401AC163B510F007BEE39 /* main.m */; };
		29F401B1163B510F007BEE39 /* Credits.rtf in Resources */ = {isa = PBXBuildFile; fileRef = 29F401AF163B510F007BEE39 /* Credits.rtf */; };
		29F401B4163B510F007BEE39 /* AppDelegate.m in Sources */ = {isa = PBXBuildFile; fileRef = 29F401B3163B510F007BEE39 /* AppDelegate.m */; };
		29F401B7163B510F007BEE39 /* MainMenu.xib in Resources */ = {isa = PBXBuildFile; fileRef = 29F401B5163B510F007BEE39 /* MainMenu.xib */; };
		29F401C2163B514A007BEE39 /* IOBluetooth.framework in Frameworks */ = {isa = PBXBuildFile; fileRef = 29F401C1163B514A007BEE39 /* IOBluetooth.framework */; };
/* End PBXBuildFile section */

/* Begin PBXFileReference section */
		2932F6841813D2B70049385E /* BLE.h */ = {isa = PBXFileReference; fileEncoding = 4; lastKnownFileType = sourcecode.c.h; name = BLE.h; path = SimpleControls/BLE/BLE.h; sourceTree = SOURCE_ROOT; };
		2932F6851813D2B70049385E /* BLE.m */ = {isa = PBXFileReference; fileEncoding = 4; lastKnownFileType = sourcecode.c.objc; name = BLE.m; path = SimpleControls/BLE/BLE.m; sourceTree = SOURCE_ROOT; };
		2932F6861813D2B70049385E /* BLEDefines.h */ = {isa = PBXFileReference; fileEncoding = 4; lastKnownFileType = sourcecode.c.h; name = BLEDefines.h; path = SimpleControls/BLE/BLEDefines.h; sourceTree = SOURCE_ROOT; };
		29F4019C163B510F007BEE39 /* SimpleControls.app */ = {isa = PBXFileReference; explicitFileType = wrapper.application; includeInIndex = 0; path = SimpleControls.app; sourceTree = BUILT_PRODUCTS_DIR; };
		29F401A0163B510F007BEE39 /* Cocoa.framework */ = {isa = PBXFileReference; lastKnownFileType = wrapper.framework; name = Cocoa.framework; path = System/Library/Frameworks/Cocoa.framework; sourceTree = SDKROOT; };
		29F401A3163B510F007BEE39 /* AppKit.framework */ = {isa = PBXFileReference; lastKnownFileType = wrapper.framework; name = AppKit.framework; path = System/Library/Frameworks/AppKit.framework; sourceTree = SDKROOT; };
		29F401A4163B510F007BEE39 /* CoreData.framework */ = {isa = PBXFileReference; lastKnownFileType = wrapper.framework; name = CoreData.framework; path = System/Library/Frameworks/CoreData.framework; sourceTree = SDKROOT; };
		29F401A5163B510F007BEE39 /* Foundation.framework */ = {isa = PBXFileReference; lastKnownFileType = wrapper.framework; name = Foundation.framework; path = System/Library/Frameworks/Foundation.framework; sourceTree = SDKROOT; };
		29F401A8163B510F007BEE39 /* SimpleControls-Info.plist */ = {isa = PBXFileReference; lastKnownFileType = text.plist.xml; path = "SimpleControls-Info.plist"; sourceTree = "<group>"; };
		29F401AA163B510F007BEE39 /* en */ = {isa = PBXFileReference; lastKnownFileType = text.plist.strings; name = en; path = en.lproj/InfoPlist.strings; sourceTree = "<group>"; };
		29F401AC163B510F007BEE39 /* main.m */ = {isa = PBXFileReference; lastKnownFileType = sourcecode.c.objc; path = main.m; sourceTree = "<group>"; };
		29F401AE163B510F007BEE39 /* SimpleControls-Prefix.pch */ = {isa = PBXFileReference; lastKnownFileType = sourcecode.c.h; path = "SimpleControls-Prefix.pch"; sourceTree = "<group>"; };
		29F401B0163B510F007BEE39 /* en */ = {isa = PBXFileReference; lastKnownFileType = text.rtf; name = en; path = en.lproj/Credits.rtf; sourceTree = "<group>"; };
		29F401B2163B510F007BEE39 /* AppDelegate.h */ = {isa = PBXFileReference; lastKnownFileType = sourcecode.c.h; path = AppDelegate.h; sourceTree = "<group>"; };
		29F401B3163B510F007BEE39 /* AppDelegate.m */ = {isa = PBXFileReference; lastKnownFileType = sourcecode.c.objc; path = AppDelegate.m; sourceTree = "<group>"; };
		29F401B6163B510F007BEE39 /* en */ = {isa = PBXFileReference; lastKnownFileType = file.xib; name = en; path = en.lproj/MainMenu.xib; sourceTree = "<group>"; };
		29F401C1163B514A007BEE39 /* IOBluetooth.framework */ = {isa = PBXFileReference; lastKnownFileType = wrapper.framework; name = IOBluetooth.framework; path = System/Library/Frameworks/IOBluetooth.framework; sourceTree = SDKROOT; };
/* End PBXFileReference section */

/* Begin PBXFrameworksBuildPhase section */
		29F40199163B510F007BEE39 /* Frameworks */ = {
			isa = PBXFrameworksBuildPhase;
			buildActionMask = 2147483647;
			files = (
				29F401C2163B514A007BEE39 /* IOBluetooth.framework in Frameworks */,
				29F401A1163B510F007BEE39 /* Cocoa.framework in Frameworks */,
			);
			runOnlyForDeploymentPostprocessing = 0;
		};
/* End PBXFrameworksBuildPhase section */

/* Begin PBXGroup section */
		29F40191163B510F007BEE39 = {
			isa = PBXGroup;
			children = (
				29F401A6163B510F007BEE39 /* SimpleControls */,
				29F4019F163B510F007BEE39 /* Frameworks */,
				29F4019D163B510F007BEE39 /* Products */,
			);
			sourceTree = "<group>";
		};
		29F4019D163B510F007BEE39 /* Products */ = {
			isa = PBXGroup;
			children = (
				29F4019C163B510F007BEE39 /* SimpleControls.app */,
			);
			name = Products;
			sourceTree = "<group>";
		};
		29F4019F163B510F007BEE39 /* Frameworks */ = {
			isa = PBXGroup;
			children = (
				C2B0190D16523B4B00940887 /* BLE_Framework */,
				29F401C1163B514A007BEE39 /* IOBluetooth.framework */,
				29F401A0163B510F007BEE39 /* Cocoa.framework */,
				29F401A2163B510F007BEE39 /* Other Frameworks */,
			);
			name = Frameworks;
			sourceTree = "<group>";
		};
		29F401A2163B510F007BEE39 /* Other Frameworks */ = {
			isa = PBXGroup;
			children = (
				29F401A3163B510F007BEE39 /* AppKit.framework */,
				29F401A4163B510F007BEE39 /* CoreData.framework */,
				29F401A5163B510F007BEE39 /* Foundation.framework */,
			);
			name = "Other Frameworks";
			sourceTree = "<group>";
		};
		29F401A6163B510F007BEE39 /* SimpleControls */ = {
			isa = PBXGroup;
			children = (
				29F401B2163B510F007BEE39 /* AppDelegate.h */,
				29F401B3163B510F007BEE39 /* AppDelegate.m */,
				29F401B5163B510F007BEE39 /* MainMenu.xib */,
				29F401A7163B510F007BEE39 /* Supporting Files */,
			);
			path = SimpleControls;
			sourceTree = "<group>";
		};
		29F401A7163B510F007BEE39 /* Supporting Files */ = {
			isa = PBXGroup;
			children = (
				29F401A8163B510F007BEE39 /* SimpleControls-Info.plist */,
				29F401A9163B510F007BEE39 /* InfoPlist.strings */,
				29F401AC163B510F007BEE39 /* main.m */,
				29F401AE163B510F007BEE39 /* SimpleControls-Prefix.pch */,
				29F401AF163B510F007BEE39 /* Credits.rtf */,
			);
			name = "Supporting Files";
			sourceTree = "<group>";
		};
		C2B0190D16523B4B00940887 /* BLE_Framework */ = {
			isa = PBXGroup;
			children = (
				2932F6841813D2B70049385E /* BLE.h */,
				2932F6851813D2B70049385E /* BLE.m */,
				2932F6861813D2B70049385E /* BLEDefines.h */,
			);
			name = BLE_Framework;
			path = ../BLE_Framework;
			sourceTree = "<group>";
		};
/* End PBXGroup section */

/* Begin PBXNativeTarget section */
		29F4019B163B510F007BEE39 /* SimpleControls */ = {
			isa = PBXNativeTarget;
			buildConfigurationList = 29F401BA163B510F007BEE39 /* Build configuration list for PBXNativeTarget "SimpleControls" */;
			buildPhases = (
				29F40198163B510F007BEE39 /* Sources */,
				29F40199163B510F007BEE39 /* Frameworks */,
				29F4019A163B510F007BEE39 /* Resources */,
			);
			buildRules = (
			);
			dependencies = (
			);
			name = SimpleControls;
			productName = BLETest;
			productReference = 29F4019C163B510F007BEE39 /* SimpleControls.app */;
			productType = "com.apple.product-type.application";
		};
/* End PBXNativeTarget section */

/* Begin PBXProject section */
		29F40193163B510F007BEE39 /* Project object */ = {
			isa = PBXProject;
			attributes = {
				LastUpgradeCheck = 0500;
				ORGANIZATIONNAME = RedBearLab;
			};
			buildConfigurationList = 29F40196163B510F007BEE39 /* Build configuration list for PBXProject "SimpleControls" */;
			compatibilityVersion = "Xcode 3.2";
			developmentRegion = English;
			hasScannedForEncodings = 0;
			knownRegions = (
				en,
			);
			mainGroup = 29F40191163B510F007BEE39;
			productRefGroup = 29F4019D163B510F007BEE39 /* Products */;
			projectDirPath = "";
			projectRoot = "";
			targets = (
				29F4019B163B510F007BEE39 /* SimpleControls */,
			);
		};
/* End PBXProject section */

/* Begin PBXResourcesBuildPhase section */
		29F4019A163B510F007BEE39 /* Resources */ = {
			isa = PBXResourcesBuildPhase;
			buildActionMask = 2147483647;
			files = (
				29F401AB163B510F007BEE39 /* InfoPlist.strings in Resources */,
				29F401B1163B510F007BEE39 /* Credits.rtf in Resources */,
				29F401B7163B510F007BEE39 /* MainMenu.xib in Resources */,
			);
			runOnlyForDeploymentPostprocessing = 0;
		};
/* End PBXResourcesBuildPhase section */

/* Begin PBXSourcesBuildPhase section */
		29F40198163B510F007BEE39 /* Sources */ = {
			isa = PBXSourcesBuildPhase;
			buildActionMask = 2147483647;
			files = (
				2932F6871813D2B70049385E /* BLE.m in Sources */,
				29F401AD163B510F007BEE39 /* main.m in Sources */,
				29F401B4163B510F007BEE39 /* AppDelegate.m in Sources */,
			);
			runOnlyForDeploymentPostprocessing = 0;
		};
/* End PBXSourcesBuildPhase section */

/* Begin PBXVariantGroup section */
		29F401A9163B510F007BEE39 /* InfoPlist.strings */ = {
			isa = PBXVariantGroup;
			children = (
				29F401AA163B510F007BEE39 /* en */,
			);
			name = InfoPlist.strings;
			sourceTree = "<group>";
		};
		29F401AF163B510F007BEE39 /* Credits.rtf */ = {
			isa = PBXVariantGroup;
			children = (
				29F401B0163B510F007BEE39 /* en */,
			);
			name = Credits.rtf;
			sourceTree = "<group>";
		};
		29F401B5163B510F007BEE39 /* MainMenu.xib */ = {
			isa = PBXVariantGroup;
			children = (
				29F401B6163B510F007BEE39 /* en */,
			);
			name = MainMenu.xib;
			sourceTree = "<group>";
		};
/* End PBXVariantGroup section */

/* Begin XCBuildConfiguration section */
		29F401B8163B510F007BEE39 /* Debug */ = {
			isa = XCBuildConfiguration;
			buildSettings = {
				ALWAYS_SEARCH_USER_PATHS = NO;
				CLANG_CXX_LANGUAGE_STANDARD = "gnu++0x";
				CLANG_CXX_LIBRARY = "libc++";
				CLANG_ENABLE_OBJC_ARC = YES;
				CLANG_WARN_EMPTY_BODY = YES;
				CLANG_WARN__DUPLICATE_METHOD_MATCH = YES;
				COPY_PHASE_STRIP = NO;
				GCC_C_LANGUAGE_STANDARD = gnu99;
				GCC_DYNAMIC_NO_PIC = NO;
				GCC_ENABLE_OBJC_EXCEPTIONS = YES;
				GCC_OPTIMIZATION_LEVEL = 0;
				GCC_PREPROCESSOR_DEFINITIONS = (
					"DEBUG=1",
					"$(inherited)",
				);
				GCC_SYMBOLS_PRIVATE_EXTERN = NO;
				GCC_WARN_64_TO_32_BIT_CONVERSION = YES;
				GCC_WARN_ABOUT_RETURN_TYPE = YES;
				GCC_WARN_UNINITIALIZED_AUTOS = YES;
				GCC_WARN_UNUSED_VARIABLE = YES;
				MACOSX_DEPLOYMENT_TARGET = 10.7;
				ONLY_ACTIVE_ARCH = YES;
				SDKROOT = macosx;
			};
			name = Debug;
		};
		29F401B9163B510F007BEE39 /* Release */ = {
			isa = XCBuildConfiguration;
			buildSettings = {
				ALWAYS_SEARCH_USER_PATHS = NO;
				CLANG_CXX_LANGUAGE_STANDARD = "gnu++0x";
				CLANG_CXX_LIBRARY = "libc++";
				CLANG_ENABLE_OBJC_ARC = YES;
				CLANG_WARN_EMPTY_BODY = YES;
				CLANG_WARN__DUPLICATE_METHOD_MATCH = YES;
				COPY_PHASE_STRIP = YES;
				DEBUG_INFORMATION_FORMAT = "dwarf-with-dsym";
				GCC_C_LANGUAGE_STANDARD = gnu99;
				GCC_ENABLE_OBJC_EXCEPTIONS = YES;
				GCC_WARN_64_TO_32_BIT_CONVERSION = YES;
				GCC_WARN_ABOUT_RETURN_TYPE = YES;
				GCC_WARN_UNINITIALIZED_AUTOS = YES;
				GCC_WARN_UNUSED_VARIABLE = YES;
				MACOSX_DEPLOYMENT_TARGET = 10.7;
				SDKROOT = macosx;
			};
			name = Release;
		};
		29F401BB163B510F007BEE39 /* Debug */ = {
			isa = XCBuildConfiguration;
			buildSettings = {
				COMBINE_HIDPI_IMAGES = YES;
				GCC_PRECOMPILE_PREFIX_HEADER = YES;
				GCC_PREFIX_HEADER = "SimpleControls/SimpleControls-Prefix.pch";
				INFOPLIST_FILE = "SimpleControls/SimpleControls-Info.plist";
				PRODUCT_NAME = SimpleControls;
				WRAPPER_EXTENSION = app;
			};
			name = Debug;
		};
		29F401BC163B510F007BEE39 /* Release */ = {
			isa = XCBuildConfiguration;
			buildSettings = {
				COMBINE_HIDPI_IMAGES = YES;
				GCC_PRECOMPILE_PREFIX_HEADER = YES;
				GCC_PREFIX_HEADER = "SimpleControls/SimpleControls-Prefix.pch";
				INFOPLIST_FILE = "SimpleControls/SimpleControls-Info.plist";
				PRODUCT_NAME = SimpleControls;
				WRAPPER_EXTENSION = app;
			};
			name = Release;
		};
/* End XCBuildConfiguration section */

/* Begin XCConfigurationList section */
		29F40196163B510F007BEE39 /* Build configuration list for PBXProject "SimpleControls" */ = {
			isa = XCConfigurationList;
			buildConfigurations = (
				29F401B8163B510F007BEE39 /* Debug */,
				29F401B9163B510F007BEE39 /* Release */,
			);
			defaultConfigurationIsVisible = 0;
			defaultConfigurationName = Release;
		};
		29F401BA163B510F007BEE39 /* Build configuration list for PBXNativeTarget "SimpleControls" */ = {
			isa = XCConfigurationList;
			buildConfigurations = (
				29F401BB163B510F007BEE39 /* Debug */,
				29F401BC163B510F007BEE39 /* Release */,
			);
			defaultConfigurationIsVisible = 0;
			defaultConfigurationName = Release;
		};
/* End XCConfigurationList section */
	};
	rootObject = 29F40193163B510F007BEE39 /* Project object */;
}
